version = 1
revision = 3
requires-python = ">=3.13"

[[package]]
name = "lgpio"
version = "0.2.2.0"
source = { registry = "https://pypi.org/simple" }
sdist = { url = "https://files.pythonhosted.org/packages/56/33/26ec2e8049eaa2f077bf23a12dc61ca559fbfa7bea0516bf263d657ae275/lgpio-0.2.2.0.tar.gz", hash = "sha256:11372e653b200f76a0b3ef8a23a0735c85ec678a9f8550b9893151ed0f863fff", size = 90087, upload-time = "2024-03-29T21:59:55.901Z" }

[[package]]
name = "python"
version = "0.1.0"
source = { virtual = "." }
dependencies = [
    { name = "rpi-lgpio" },
    { name = "spidev" },
]

[package.metadata]
requires-dist = [
    { name = "rpi-lgpio", specifier = ">=0.6" },
    { name = "spidev", specifier = ">=3.8" },
]

[[package]]
name = "rpi-lgpio"
version = "0.6"
source = { registry = "https://pypi.org/simple" }
dependencies = [
    { name = "lgpio" },
]
sdist = { url = "https://files.pythonhosted.org/packages/6e/6d/7b6cb0def16abda6af89d16a3363d4036501bf042f9c67668aad3b34927f/rpi_lgpio-0.6.tar.gz", hash = "sha256:84579b11d543bb8abdddc1e10fcd6bdc2819e5897be72d6949a2b044d71fb73e", size = 12723, upload-time = "2024-05-11T16:09:29.463Z" }
wheels = [
    { url = "https://files.pythonhosted.org/packages/da/a9/06b843528e47ded0dd276537e9c56e7aec7c841b3b2749274e7d8121dab5/rpi_lgpio-0.6-py3-none-any.whl", hash = "sha256:0930b6e0ffbfbeee9366fbfa5038d29a7606be96a5229d570b1f81be8f776777", size = 11880, upload-time = "2024-05-11T16:09:27.75Z" },
]

[[package]]
name = "spidev"
version = "3.8"
source = { registry = "https://pypi.org/simple" }
sdist = { url = "https://files.pythonhosted.org/packages/67/87/039b6eeea781598015b538691bc174cc0bf77df9d4d2d3b8bf9245c0de8c/spidev-3.8.tar.gz", hash = "sha256:2bc02fb8c6312d519ebf1f4331067427c0921d3f77b8bcaf05189a2e8b8382c0", size = 13893, upload-time = "2025-09-15T18:56:20.672Z" }
